// !$*UTF8*$!
{
	archiveVersion = 1;
	classes = {
	};
	objectVersion = 51;
	objects = {

/* Begin PBXBuildFile section */
		0966620636F68E7BD031A87A /* Pods_OCStudyTests.framework in Frameworks */ = {isa = PBXBuildFile; fileRef = 8324D3B9E16B632AC020E0EB /* Pods_OCStudyTests.framework */; };
		5A544C2B532CEFA13DF5FE6E /* Pods_OCStudy_OCStudyUITests.framework in Frameworks */ = {isa = PBXBuildFile; fileRef = 6F97D4A7539BFD9D6BB4500E /* Pods_OCStudy_OCStudyUITests.framework */; };
		B15A869B426EB1F86D487523 /* Pods_OCStudy.framework in Frameworks */ = {isa = PBXBuildFile; fileRef = A6EED3363EBECE7985B25914 /* Pods_OCStudy.framework */; };
		E54FF4C026186A6C0060CA86 /* SkyLab.m in Sources */ = {isa = PBXBuildFile; fileRef = E54FF4BF26186A6C0060CA86 /* SkyLab.m */; };
		E54FF4C626186A7D0060CA86 /* ABViewController.m in Sources */ = {isa = PBXBuildFile; fileRef = E54FF4C526186A7D0060CA86 /* ABViewController.m */; };
		E55C508B261C90A000ECCA7D /* ArchivedViewController.m in Sources */ = {isa = PBXBuildFile; fileRef = E55C508A261C90A000ECCA7D /* ArchivedViewController.m */; };
		E5864E9D2616C6D600264FCF /* AsyncLabel.m in Sources */ = {isa = PBXBuildFile; fileRef = E5864E9C2616C6D600264FCF /* AsyncLabel.m */; };
		E5864EA32616C75B00264FCF /* AsyncDisplayViewController.m in Sources */ = {isa = PBXBuildFile; fileRef = E5864EA22616C75B00264FCF /* AsyncDisplayViewController.m */; };
		E5864EB12616F17C00264FCF /* YYLabelT.m in Sources */ = {isa = PBXBuildFile; fileRef = E5864EB02616F17C00264FCF /* YYLabelT.m */; };
		E596C1E32611780E00EC2BEE /* PPOperation.m in Sources */ = {isa = PBXBuildFile; fileRef = E596C1E22611780E00EC2BEE /* PPOperation.m */; };
		E596C1FF2611F17E00EC2BEE /* CBDisplayLinkAndTimerViewController.m in Sources */ = {isa = PBXBuildFile; fileRef = E596C1FE2611F17E00EC2BEE /* CBDisplayLinkAndTimerViewController.m */; };
		E59B547026099BC2003F31F0 /* CBWebImageDownloaderOperation.m in Sources */ = {isa = PBXBuildFile; fileRef = E59B546F26099BC2003F31F0 /* CBWebImageDownloaderOperation.m */; };
		E5A6F3DF2600629D002AC283 /* DebounceViewController.m in Sources */ = {isa = PBXBuildFile; fileRef = E5A6F3DE2600629D002AC283 /* DebounceViewController.m */; };
		E5A6F3E92600DCBE002AC283 /* MessageThrottle.m in Sources */ = {isa = PBXBuildFile; fileRef = E5A6F3E82600DCBE002AC283 /* MessageThrottle.m */; };
		E5A6F3F22600DF60002AC283 /* MessageThrottleViewController.m in Sources */ = {isa = PBXBuildFile; fileRef = E5A6F3F12600DF60002AC283 /* MessageThrottleViewController.m */; };
		E5B3941B260DEB450055EE78 /* CBOperation.m in Sources */ = {isa = PBXBuildFile; fileRef = E5B3941A260DEB450055EE78 /* CBOperation.m */; };
		E5B39421260DEB900055EE78 /* CBOperationTestViewController.m in Sources */ = {isa = PBXBuildFile; fileRef = E5B39420260DEB900055EE78 /* CBOperationTestViewController.m */; };
		E5B644CF25F63F6F001CF932 /* AppDelegate.m in Sources */ = {isa = PBXBuildFile; fileRef = E5B644CE25F63F6F001CF932 /* AppDelegate.m */; };
		E5B644D225F63F6F001CF932 /* SceneDelegate.m in Sources */ = {isa = PBXBuildFile; fileRef = E5B644D125F63F6F001CF932 /* SceneDelegate.m */; };
		E5B644D525F63F6F001CF932 /* ViewController.m in Sources */ = {isa = PBXBuildFile; fileRef = E5B644D425F63F6F001CF932 /* ViewController.m */; };
		E5B644D825F63F6F001CF932 /* Main.storyboard in Resources */ = {isa = PBXBuildFile; fileRef = E5B644D625F63F6F001CF932 /* Main.storyboard */; };
		E5B644DA25F63F71001CF932 /* Assets.xcassets in Resources */ = {isa = PBXBuildFile; fileRef = E5B644D925F63F71001CF932 /* Assets.xcassets */; };
		E5B644DD25F63F71001CF932 /* LaunchScreen.storyboard in Resources */ = {isa = PBXBuildFile; fileRef = E5B644DB25F63F71001CF932 /* LaunchScreen.storyboard */; };
		E5B644E025F63F71001CF932 /* main.m in Sources */ = {isa = PBXBuildFile; fileRef = E5B644DF25F63F71001CF932 /* main.m */; };
		E5B644EA25F63F71001CF932 /* OCStudyTests.m in Sources */ = {isa = PBXBuildFile; fileRef = E5B644E925F63F71001CF932 /* OCStudyTests.m */; };
		E5B644F525F63F71001CF932 /* OCStudyUITests.m in Sources */ = {isa = PBXBuildFile; fileRef = E5B644F425F63F71001CF932 /* OCStudyUITests.m */; };
		E5B6450825F63FD2001CF932 /* MDPointer.m in Sources */ = {isa = PBXBuildFile; fileRef = E5B6450725F63FD2001CF932 /* MDPointer.m */; };
		E5B6451125F63FE8001CF932 /* MDPointerViewController.m in Sources */ = {isa = PBXBuildFile; fileRef = E5B6451025F63FE8001CF932 /* MDPointerViewController.m */; };
		E5D15C6F2629D8AD00013385 /* Vertex.m in Sources */ = {isa = PBXBuildFile; fileRef = E5D15C6E2629D8AD00013385 /* Vertex.m */; };
		E5E27E9125FF79C800DB8DE2 /* OnceManagerA.m in Sources */ = {isa = PBXBuildFile; fileRef = E5E27E9025FF79C800DB8DE2 /* OnceManagerA.m */; };
		E5E27E9725FF79D300DB8DE2 /* OnceManagerB.m in Sources */ = {isa = PBXBuildFile; fileRef = E5E27E9625FF79D300DB8DE2 /* OnceManagerB.m */; };
		E5E27E9D25FF7D0500DB8DE2 /* OnceManagerC.m in Sources */ = {isa = PBXBuildFile; fileRef = E5E27E9C25FF7D0500DB8DE2 /* OnceManagerC.m */; };
		E5E27EA425FF8B0600DB8DE2 /* NSObject+Throttle.m in Sources */ = {isa = PBXBuildFile; fileRef = E5E27EA325FF8B0600DB8DE2 /* NSObject+Throttle.m */; };
/* End PBXBuildFile section */

/* Begin PBXContainerItemProxy section */
		E5B644E625F63F71001CF932 /* PBXContainerItemProxy */ = {
			isa = PBXContainerItemProxy;
			containerPortal = E5B644C225F63F6F001CF932 /* Project object */;
			proxyType = 1;
			remoteGlobalIDString = E5B644C925F63F6F001CF932;
			remoteInfo = OCStudy;
		};
		E5B644F125F63F71001CF932 /* PBXContainerItemProxy */ = {
			isa = PBXContainerItemProxy;
			containerPortal = E5B644C225F63F6F001CF932 /* Project object */;
			proxyType = 1;
			remoteGlobalIDString = E5B644C925F63F6F001CF932;
			remoteInfo = OCStudy;
		};
/* End PBXContainerItemProxy section */

/* Begin PBXFileReference section */
		2C9BFA6C3869F16F1F37A990 /* Pods-OCStudy-OCStudyUITests.release.xcconfig */ = {isa = PBXFileReference; includeInIndex = 1; lastKnownFileType = text.xcconfig; name = "Pods-OCStudy-OCStudyUITests.release.xcconfig"; path = "Target Support Files/Pods-OCStudy-OCStudyUITests/Pods-OCStudy-OCStudyUITests.release.xcconfig"; sourceTree = "<group>"; };
		3E9D3F781031EE891C55F406 /* Pods-OCStudyTests.release.xcconfig */ = {isa = PBXFileReference; includeInIndex = 1; lastKnownFileType = text.xcconfig; name = "Pods-OCStudyTests.release.xcconfig"; path = "Target Support Files/Pods-OCStudyTests/Pods-OCStudyTests.release.xcconfig"; sourceTree = "<group>"; };
		4477BB1C594D67A911013A85 /* Pods-OCStudy-OCStudyUITests.debug.xcconfig */ = {isa = PBXFileReference; includeInIndex = 1; lastKnownFileType = text.xcconfig; name = "Pods-OCStudy-OCStudyUITests.debug.xcconfig"; path = "Target Support Files/Pods-OCStudy-OCStudyUITests/Pods-OCStudy-OCStudyUITests.debug.xcconfig"; sourceTree = "<group>"; };
		6F97D4A7539BFD9D6BB4500E /* Pods_OCStudy_OCStudyUITests.framework */ = {isa = PBXFileReference; explicitFileType = wrapper.framework; includeInIndex = 0; path = Pods_OCStudy_OCStudyUITests.framework; sourceTree = BUILT_PRODUCTS_DIR; };
		8324D3B9E16B632AC020E0EB /* Pods_OCStudyTests.framework */ = {isa = PBXFileReference; explicitFileType = wrapper.framework; includeInIndex = 0; path = Pods_OCStudyTests.framework; sourceTree = BUILT_PRODUCTS_DIR; };
		98F12E145975E32EBEA54D08 /* Pods-OCStudy.debug.xcconfig */ = {isa = PBXFileReference; includeInIndex = 1; lastKnownFileType = text.xcconfig; name = "Pods-OCStudy.debug.xcconfig"; path = "Target Support Files/Pods-OCStudy/Pods-OCStudy.debug.xcconfig"; sourceTree = "<group>"; };
		A6EED3363EBECE7985B25914 /* Pods_OCStudy.framework */ = {isa = PBXFileReference; explicitFileType = wrapper.framework; includeInIndex = 0; path = Pods_OCStudy.framework; sourceTree = BUILT_PRODUCTS_DIR; };
		AB1D2167206E5D4BDCEAA3F1 /* Pods-OCStudyTests.debug.xcconfig */ = {isa = PBXFileReference; includeInIndex = 1; lastKnownFileType = text.xcconfig; name = "Pods-OCStudyTests.debug.xcconfig"; path = "Target Support Files/Pods-OCStudyTests/Pods-OCStudyTests.debug.xcconfig"; sourceTree = "<group>"; };
		B68E5B47DE6D3FE18F9A0741 /* Pods-OCStudy.release.xcconfig */ = {isa = PBXFileReference; includeInIndex = 1; lastKnownFileType = text.xcconfig; name = "Pods-OCStudy.release.xcconfig"; path = "Target Support Files/Pods-OCStudy/Pods-OCStudy.release.xcconfig"; sourceTree = "<group>"; };
		E54FF4BE26186A6C0060CA86 /* SkyLab.h */ = {isa = PBXFileReference; fileEncoding = 4; lastKnownFileType = sourcecode.c.h; path = SkyLab.h; sourceTree = "<group>"; };
		E54FF4BF26186A6C0060CA86 /* SkyLab.m */ = {isa = PBXFileReference; fileEncoding = 4; lastKnownFileType = sourcecode.c.objc; path = SkyLab.m; sourceTree = "<group>"; };
		E54FF4C426186A7D0060CA86 /* ABViewController.h */ = {isa = PBXFileReference; lastKnownFileType = sourcecode.c.h; path = ABViewController.h; sourceTree = "<group>"; };
		E54FF4C526186A7D0060CA86 /* ABViewController.m */ = {isa = PBXFileReference; lastKnownFileType = sourcecode.c.objc; path = ABViewController.m; sourceTree = "<group>"; };
		E55C5089261C90A000ECCA7D /* ArchivedViewController.h */ = {isa = PBXFileReference; lastKnownFileType = sourcecode.c.h; path = ArchivedViewController.h; sourceTree = "<group>"; };
		E55C508A261C90A000ECCA7D /* ArchivedViewController.m */ = {isa = PBXFileReference; lastKnownFileType = sourcecode.c.objc; path = ArchivedViewController.m; sourceTree = "<group>"; };
		E5864E9B2616C6D600264FCF /* AsyncLabel.h */ = {isa = PBXFileReference; lastKnownFileType = sourcecode.c.h; path = AsyncLabel.h; sourceTree = "<group>"; };
		E5864E9C2616C6D600264FCF /* AsyncLabel.m */ = {isa = PBXFileReference; lastKnownFileType = sourcecode.c.objc; path = AsyncLabel.m; sourceTree = "<group>"; };
		E5864EA12616C75B00264FCF /* AsyncDisplayViewController.h */ = {isa = PBXFileReference; lastKnownFileType = sourcecode.c.h; path = AsyncDisplayViewController.h; sourceTree = "<group>"; };
		E5864EA22616C75B00264FCF /* AsyncDisplayViewController.m */ = {isa = PBXFileReference; lastKnownFileType = sourcecode.c.objc; path = AsyncDisplayViewController.m; sourceTree = "<group>"; };
		E5864EAF2616F17C00264FCF /* YYLabelT.h */ = {isa = PBXFileReference; lastKnownFileType = sourcecode.c.h; path = YYLabelT.h; sourceTree = "<group>"; };
		E5864EB02616F17C00264FCF /* YYLabelT.m */ = {isa = PBXFileReference; lastKnownFileType = sourcecode.c.objc; path = YYLabelT.m; sourceTree = "<group>"; };
		E596C1E12611780E00EC2BEE /* PPOperation.h */ = {isa = PBXFileReference; lastKnownFileType = sourcecode.c.h; path = PPOperation.h; sourceTree = "<group>"; };
		E596C1E22611780E00EC2BEE /* PPOperation.m */ = {isa = PBXFileReference; lastKnownFileType = sourcecode.c.objc; path = PPOperation.m; sourceTree = "<group>"; };
		E596C1FD2611F17E00EC2BEE /* CBDisplayLinkAndTimerViewController.h */ = {isa = PBXFileReference; lastKnownFileType = sourcecode.c.h; path = CBDisplayLinkAndTimerViewController.h; sourceTree = "<group>"; };
		E596C1FE2611F17E00EC2BEE /* CBDisplayLinkAndTimerViewController.m */ = {isa = PBXFileReference; lastKnownFileType = sourcecode.c.objc; path = CBDisplayLinkAndTimerViewController.m; sourceTree = "<group>"; };
		E59B546E26099BC2003F31F0 /* CBWebImageDownloaderOperation.h */ = {isa = PBXFileReference; lastKnownFileType = sourcecode.c.h; path = CBWebImageDownloaderOperation.h; sourceTree = "<group>"; };
		E59B546F26099BC2003F31F0 /* CBWebImageDownloaderOperation.m */ = {isa = PBXFileReference; lastKnownFileType = sourcecode.c.objc; path = CBWebImageDownloaderOperation.m; sourceTree = "<group>"; };
		E5A6F3DD2600629D002AC283 /* DebounceViewController.h */ = {isa = PBXFileReference; lastKnownFileType = sourcecode.c.h; path = DebounceViewController.h; sourceTree = "<group>"; };
		E5A6F3DE2600629D002AC283 /* DebounceViewController.m */ = {isa = PBXFileReference; lastKnownFileType = sourcecode.c.objc; path = DebounceViewController.m; sourceTree = "<group>"; };
		E5A6F3E72600DCBE002AC283 /* MessageThrottle.h */ = {isa = PBXFileReference; lastKnownFileType = sourcecode.c.h; path = MessageThrottle.h; sourceTree = "<group>"; };
		E5A6F3E82600DCBE002AC283 /* MessageThrottle.m */ = {isa = PBXFileReference; lastKnownFileType = sourcecode.c.objc; path = MessageThrottle.m; sourceTree = "<group>"; };
		E5A6F3F02600DF60002AC283 /* MessageThrottleViewController.h */ = {isa = PBXFileReference; lastKnownFileType = sourcecode.c.h; path = MessageThrottleViewController.h; sourceTree = "<group>"; };
		E5A6F3F12600DF60002AC283 /* MessageThrottleViewController.m */ = {isa = PBXFileReference; lastKnownFileType = sourcecode.c.objc; path = MessageThrottleViewController.m; sourceTree = "<group>"; };
		E5B39419260DEB450055EE78 /* CBOperation.h */ = {isa = PBXFileReference; lastKnownFileType = sourcecode.c.h; path = CBOperation.h; sourceTree = "<group>"; };
		E5B3941A260DEB450055EE78 /* CBOperation.m */ = {isa = PBXFileReference; lastKnownFileType = sourcecode.c.objc; path = CBOperation.m; sourceTree = "<group>"; };
		E5B3941F260DEB900055EE78 /* CBOperationTestViewController.h */ = {isa = PBXFileReference; lastKnownFileType = sourcecode.c.h; path = CBOperationTestViewController.h; sourceTree = "<group>"; };
		E5B39420260DEB900055EE78 /* CBOperationTestViewController.m */ = {isa = PBXFileReference; lastKnownFileType = sourcecode.c.objc; path = CBOperationTestViewController.m; sourceTree = "<group>"; };
		E5B644CA25F63F6F001CF932 /* OCStudy.app */ = {isa = PBXFileReference; explicitFileType = wrapper.application; includeInIndex = 0; path = OCStudy.app; sourceTree = BUILT_PRODUCTS_DIR; };
		E5B644CD25F63F6F001CF932 /* AppDelegate.h */ = {isa = PBXFileReference; lastKnownFileType = sourcecode.c.h; path = AppDelegate.h; sourceTree = "<group>"; };
		E5B644CE25F63F6F001CF932 /* AppDelegate.m */ = {isa = PBXFileReference; lastKnownFileType = sourcecode.c.objc; path = AppDelegate.m; sourceTree = "<group>"; };
		E5B644D025F63F6F001CF932 /* SceneDelegate.h */ = {isa = PBXFileReference; lastKnownFileType = sourcecode.c.h; path = SceneDelegate.h; sourceTree = "<group>"; };
		E5B644D125F63F6F001CF932 /* SceneDelegate.m */ = {isa = PBXFileReference; lastKnownFileType = sourcecode.c.objc; path = SceneDelegate.m; sourceTree = "<group>"; };
		E5B644D325F63F6F001CF932 /* ViewController.h */ = {isa = PBXFileReference; lastKnownFileType = sourcecode.c.h; path = ViewController.h; sourceTree = "<group>"; };
		E5B644D425F63F6F001CF932 /* ViewController.m */ = {isa = PBXFileReference; lastKnownFileType = sourcecode.c.objc; path = ViewController.m; sourceTree = "<group>"; };
		E5B644D725F63F6F001CF932 /* Base */ = {isa = PBXFileReference; lastKnownFileType = file.storyboard; name = Base; path = Base.lproj/Main.storyboard; sourceTree = "<group>"; };
		E5B644D925F63F71001CF932 /* Assets.xcassets */ = {isa = PBXFileReference; lastKnownFileType = folder.assetcatalog; path = Assets.xcassets; sourceTree = "<group>"; };
		E5B644DC25F63F71001CF932 /* Base */ = {isa = PBXFileReference; lastKnownFileType = file.storyboard; name = Base; path = Base.lproj/LaunchScreen.storyboard; sourceTree = "<group>"; };
		E5B644DE25F63F71001CF932 /* Info.plist */ = {isa = PBXFileReference; lastKnownFileType = text.plist.xml; path = Info.plist; sourceTree = "<group>"; };
		E5B644DF25F63F71001CF932 /* main.m */ = {isa = PBXFileReference; lastKnownFileType = sourcecode.c.objc; path = main.m; sourceTree = "<group>"; };
		E5B644E525F63F71001CF932 /* OCStudyTests.xctest */ = {isa = PBXFileReference; explicitFileType = wrapper.cfbundle; includeInIndex = 0; path = OCStudyTests.xctest; sourceTree = BUILT_PRODUCTS_DIR; };
		E5B644E925F63F71001CF932 /* OCStudyTests.m */ = {isa = PBXFileReference; lastKnownFileType = sourcecode.c.objc; path = OCStudyTests.m; sourceTree = "<group>"; };
		E5B644EB25F63F71001CF932 /* Info.plist */ = {isa = PBXFileReference; lastKnownFileType = text.plist.xml; path = Info.plist; sourceTree = "<group>"; };
		E5B644F025F63F71001CF932 /* OCStudyUITests.xctest */ = {isa = PBXFileReference; explicitFileType = wrapper.cfbundle; includeInIndex = 0; path = OCStudyUITests.xctest; sourceTree = BUILT_PRODUCTS_DIR; };
		E5B644F425F63F71001CF932 /* OCStudyUITests.m */ = {isa = PBXFileReference; lastKnownFileType = sourcecode.c.objc; path = OCStudyUITests.m; sourceTree = "<group>"; };
		E5B644F625F63F71001CF932 /* Info.plist */ = {isa = PBXFileReference; lastKnownFileType = text.plist.xml; path = Info.plist; sourceTree = "<group>"; };
		E5B6450625F63FD2001CF932 /* MDPointer.h */ = {isa = PBXFileReference; lastKnownFileType = sourcecode.c.h; path = MDPointer.h; sourceTree = "<group>"; };
		E5B6450725F63FD2001CF932 /* MDPointer.m */ = {isa = PBXFileReference; lastKnownFileType = sourcecode.c.objc; path = MDPointer.m; sourceTree = "<group>"; };
		E5B6450F25F63FE8001CF932 /* MDPointerViewController.h */ = {isa = PBXFileReference; lastKnownFileType = sourcecode.c.h; path = MDPointerViewController.h; sourceTree = "<group>"; };
		E5B6451025F63FE8001CF932 /* MDPointerViewController.m */ = {isa = PBXFileReference; lastKnownFileType = sourcecode.c.objc; path = MDPointerViewController.m; sourceTree = "<group>"; };
		E5D15C6D2629D8AD00013385 /* Vertex.h */ = {isa = PBXFileReference; lastKnownFileType = sourcecode.c.h; path = Vertex.h; sourceTree = "<group>"; };
		E5D15C6E2629D8AD00013385 /* Vertex.m */ = {isa = PBXFileReference; lastKnownFileType = sourcecode.c.objc; path = Vertex.m; sourceTree = "<group>"; };
		E5E27E8F25FF79C800DB8DE2 /* OnceManagerA.h */ = {isa = PBXFileReference; lastKnownFileType = sourcecode.c.h; path = OnceManagerA.h; sourceTree = "<group>"; };
		E5E27E9025FF79C800DB8DE2 /* OnceManagerA.m */ = {isa = PBXFileReference; lastKnownFileType = sourcecode.c.objc; path = OnceManagerA.m; sourceTree = "<group>"; };
		E5E27E9525FF79D300DB8DE2 /* OnceManagerB.h */ = {isa = PBXFileReference; lastKnownFileType = sourcecode.c.h; path = OnceManagerB.h; sourceTree = "<group>"; };
		E5E27E9625FF79D300DB8DE2 /* OnceManagerB.m */ = {isa = PBXFileReference; lastKnownFileType = sourcecode.c.objc; path = OnceManagerB.m; sourceTree = "<group>"; };
		E5E27E9B25FF7D0500DB8DE2 /* OnceManagerC.h */ = {isa = PBXFileReference; lastKnownFileType = sourcecode.c.h; path = OnceManagerC.h; sourceTree = "<group>"; };
		E5E27E9C25FF7D0500DB8DE2 /* OnceManagerC.m */ = {isa = PBXFileReference; lastKnownFileType = sourcecode.c.objc; path = OnceManagerC.m; sourceTree = "<group>"; };
		E5E27EA225FF8B0600DB8DE2 /* NSObject+Throttle.h */ = {isa = PBXFileReference; lastKnownFileType = sourcecode.c.h; path = "NSObject+Throttle.h"; sourceTree = "<group>"; };
		E5E27EA325FF8B0600DB8DE2 /* NSObject+Throttle.m */ = {isa = PBXFileReference; lastKnownFileType = sourcecode.c.objc; path = "NSObject+Throttle.m"; sourceTree = "<group>"; };
/* End PBXFileReference section */

/* Begin PBXFrameworksBuildPhase section */
		E5B644C725F63F6F001CF932 /* Frameworks */ = {
			isa = PBXFrameworksBuildPhase;
			buildActionMask = 2147483647;
			files = (
				B15A869B426EB1F86D487523 /* Pods_OCStudy.framework in Frameworks */,
			);
			runOnlyForDeploymentPostprocessing = 0;
		};
		E5B644E225F63F71001CF932 /* Frameworks */ = {
			isa = PBXFrameworksBuildPhase;
			buildActionMask = 2147483647;
			files = (
				0966620636F68E7BD031A87A /* Pods_OCStudyTests.framework in Frameworks */,
			);
			runOnlyForDeploymentPostprocessing = 0;
		};
		E5B644ED25F63F71001CF932 /* Frameworks */ = {
			isa = PBXFrameworksBuildPhase;
			buildActionMask = 2147483647;
			files = (
				5A544C2B532CEFA13DF5FE6E /* Pods_OCStudy_OCStudyUITests.framework in Frameworks */,
			);
			runOnlyForDeploymentPostprocessing = 0;
		};
/* End PBXFrameworksBuildPhase section */

/* Begin PBXGroup section */
		6E3D9F6881C8AC7FA97814AD /* Frameworks */ = {
			isa = PBXGroup;
			children = (
				A6EED3363EBECE7985B25914 /* Pods_OCStudy.framework */,
				6F97D4A7539BFD9D6BB4500E /* Pods_OCStudy_OCStudyUITests.framework */,
				8324D3B9E16B632AC020E0EB /* Pods_OCStudyTests.framework */,
			);
			name = Frameworks;
			sourceTree = "<group>";
		};
		7A5A3275F1601B6D4D4E6787 /* Pods */ = {
			isa = PBXGroup;
			children = (
				98F12E145975E32EBEA54D08 /* Pods-OCStudy.debug.xcconfig */,
				B68E5B47DE6D3FE18F9A0741 /* Pods-OCStudy.release.xcconfig */,
				4477BB1C594D67A911013A85 /* Pods-OCStudy-OCStudyUITests.debug.xcconfig */,
				2C9BFA6C3869F16F1F37A990 /* Pods-OCStudy-OCStudyUITests.release.xcconfig */,
				AB1D2167206E5D4BDCEAA3F1 /* Pods-OCStudyTests.debug.xcconfig */,
				3E9D3F781031EE891C55F406 /* Pods-OCStudyTests.release.xcconfig */,
			);
			path = Pods;
			sourceTree = "<group>";
		};
		E54FF4BD26186A620060CA86 /* AB */ = {
			isa = PBXGroup;
			children = (
				E54FF4BE26186A6C0060CA86 /* SkyLab.h */,
				E54FF4BF26186A6C0060CA86 /* SkyLab.m */,
				E54FF4C426186A7D0060CA86 /* ABViewController.h */,
				E54FF4C526186A7D0060CA86 /* ABViewController.m */,
			);
			path = AB;
			sourceTree = "<group>";
		};
		E55C5088261C908300ECCA7D /* ArchivedObject */ = {
			isa = PBXGroup;
			children = (
				E55C5089261C90A000ECCA7D /* ArchivedViewController.h */,
				E55C508A261C90A000ECCA7D /* ArchivedViewController.m */,
				E5D15C6D2629D8AD00013385 /* Vertex.h */,
				E5D15C6E2629D8AD00013385 /* Vertex.m */,
			);
			path = ArchivedObject;
			sourceTree = "<group>";
		};
		E5864E9A2616C6BD00264FCF /* Display */ = {
			isa = PBXGroup;
			children = (
				E5864E9B2616C6D600264FCF /* AsyncLabel.h */,
				E5864E9C2616C6D600264FCF /* AsyncLabel.m */,
				E5864EA12616C75B00264FCF /* AsyncDisplayViewController.h */,
				E5864EA22616C75B00264FCF /* AsyncDisplayViewController.m */,
				E5864EAF2616F17C00264FCF /* YYLabelT.h */,
				E5864EB02616F17C00264FCF /* YYLabelT.m */,
			);
			path = Display;
			sourceTree = "<group>";
		};
		E596C1FC2611F14300EC2BEE /* CADisplayLinkAndNSTimer */ = {
			isa = PBXGroup;
			children = (
				E596C1FD2611F17E00EC2BEE /* CBDisplayLinkAndTimerViewController.h */,
				E596C1FE2611F17E00EC2BEE /* CBDisplayLinkAndTimerViewController.m */,
			);
			path = CADisplayLinkAndNSTimer;
			sourceTree = "<group>";
		};
		E59B546D26099BA8003F31F0 /* SDWebImageStudy */ = {
			isa = PBXGroup;
			children = (
				E59B546E26099BC2003F31F0 /* CBWebImageDownloaderOperation.h */,
				E59B546F26099BC2003F31F0 /* CBWebImageDownloaderOperation.m */,
			);
			path = SDWebImageStudy;
			sourceTree = "<group>";
		};
		E5A6F3E62600DCA0002AC283 /* MsgDebounce */ = {
			isa = PBXGroup;
			children = (
				E5A6F3E72600DCBE002AC283 /* MessageThrottle.h */,
				E5A6F3E82600DCBE002AC283 /* MessageThrottle.m */,
				E5A6F3F02600DF60002AC283 /* MessageThrottleViewController.h */,
				E5A6F3F12600DF60002AC283 /* MessageThrottleViewController.m */,
			);
			path = MsgDebounce;
			sourceTree = "<group>";
		};
		E5B644C125F63F6F001CF932 = {
			isa = PBXGroup;
			children = (
				E5B644CC25F63F6F001CF932 /* OCStudy */,
				E5B644E825F63F71001CF932 /* OCStudyTests */,
				E5B644F325F63F71001CF932 /* OCStudyUITests */,
				E5B644CB25F63F6F001CF932 /* Products */,
				7A5A3275F1601B6D4D4E6787 /* Pods */,
				6E3D9F6881C8AC7FA97814AD /* Frameworks */,
			);
			sourceTree = "<group>";
		};
		E5B644CB25F63F6F001CF932 /* Products */ = {
			isa = PBXGroup;
			children = (
				E5B644CA25F63F6F001CF932 /* OCStudy.app */,
				E5B644E525F63F71001CF932 /* OCStudyTests.xctest */,
				E5B644F025F63F71001CF932 /* OCStudyUITests.xctest */,
			);
			name = Products;
			sourceTree = "<group>";
		};
		E5B644CC25F63F6F001CF932 /* OCStudy */ = {
			isa = PBXGroup;
			children = (
				E5D15C692629D54700013385 /* New Group */,
				E55C5088261C908300ECCA7D /* ArchivedObject */,
				E54FF4BD26186A620060CA86 /* AB */,
				E5864E9A2616C6BD00264FCF /* Display */,
				E596C1FC2611F14300EC2BEE /* CADisplayLinkAndNSTimer */,
				E59B546D26099BA8003F31F0 /* SDWebImageStudy */,
				E5E27EA125FF8ADC00DB8DE2 /* ThrottleAndDebounce */,
				E5E27E8E25FF794300DB8DE2 /* Once */,
				E5B6450525F63F9B001CF932 /* MultithreadDanglingPointer */,
				E5B644CD25F63F6F001CF932 /* AppDelegate.h */,
				E5B644CE25F63F6F001CF932 /* AppDelegate.m */,
				E5B644D025F63F6F001CF932 /* SceneDelegate.h */,
				E5B644D125F63F6F001CF932 /* SceneDelegate.m */,
				E5B644D325F63F6F001CF932 /* ViewController.h */,
				E5B644D425F63F6F001CF932 /* ViewController.m */,
				E5B644D625F63F6F001CF932 /* Main.storyboard */,
				E5B644D925F63F71001CF932 /* Assets.xcassets */,
				E5B644DB25F63F71001CF932 /* LaunchScreen.storyboard */,
				E5B644DE25F63F71001CF932 /* Info.plist */,
				E5B644DF25F63F71001CF932 /* main.m */,
			);
			path = OCStudy;
			sourceTree = "<group>";
		};
		E5B644E825F63F71001CF932 /* OCStudyTests */ = {
			isa = PBXGroup;
			children = (
				E5B644E925F63F71001CF932 /* OCStudyTests.m */,
				E5B644EB25F63F71001CF932 /* Info.plist */,
			);
			path = OCStudyTests;
			sourceTree = "<group>";
		};
		E5B644F325F63F71001CF932 /* OCStudyUITests */ = {
			isa = PBXGroup;
			children = (
				E5B644F425F63F71001CF932 /* OCStudyUITests.m */,
				E5B644F625F63F71001CF932 /* Info.plist */,
			);
			path = OCStudyUITests;
			sourceTree = "<group>";
		};
		E5B6450525F63F9B001CF932 /* MultithreadDanglingPointer */ = {
			isa = PBXGroup;
			children = (
				E5B6450625F63FD2001CF932 /* MDPointer.h */,
				E5B6450725F63FD2001CF932 /* MDPointer.m */,
				E5B6450F25F63FE8001CF932 /* MDPointerViewController.h */,
				E5B6451025F63FE8001CF932 /* MDPointerViewController.m */,
				E596C1E12611780E00EC2BEE /* PPOperation.h */,
				E596C1E22611780E00EC2BEE /* PPOperation.m */,
				E5B39419260DEB450055EE78 /* CBOperation.h */,
				E5B3941A260DEB450055EE78 /* CBOperation.m */,
				E5B3941F260DEB900055EE78 /* CBOperationTestViewController.h */,
				E5B39420260DEB900055EE78 /* CBOperationTestViewController.m */,
			);
			path = MultithreadDanglingPointer;
			sourceTree = "<group>";
		};
		E5D15C692629D54700013385 /* New Group */ = {
			isa = PBXGroup;
			children = (
			);
			path = "New Group";
			sourceTree = "<group>";
		};
		E5E27E8E25FF794300DB8DE2 /* Once */ = {
			isa = PBXGroup;
			children = (
				E5E27E8F25FF79C800DB8DE2 /* OnceManagerA.h */,
				E5E27E9025FF79C800DB8DE2 /* OnceManagerA.m */,
				E5E27E9525FF79D300DB8DE2 /* OnceManagerB.h */,
				E5E27E9625FF79D300DB8DE2 /* OnceManagerB.m */,
				E5E27E9B25FF7D0500DB8DE2 /* OnceManagerC.h */,
				E5E27E9C25FF7D0500DB8DE2 /* OnceManagerC.m */,
			);
			path = Once;
			sourceTree = "<group>";
		};
		E5E27EA125FF8ADC00DB8DE2 /* ThrottleAndDebounce */ = {
			isa = PBXGroup;
			children = (
				E5A6F3E62600DCA0002AC283 /* MsgDebounce */,
				E5E27EA225FF8B0600DB8DE2 /* NSObject+Throttle.h */,
				E5E27EA325FF8B0600DB8DE2 /* NSObject+Throttle.m */,
				E5A6F3DD2600629D002AC283 /* DebounceViewController.h */,
				E5A6F3DE2600629D002AC283 /* DebounceViewController.m */,
			);
			path = ThrottleAndDebounce;
			sourceTree = "<group>";
		};
/* End PBXGroup section */

/* Begin PBXNativeTarget section */
		E5B644C925F63F6F001CF932 /* OCStudy */ = {
			isa = PBXNativeTarget;
			buildConfigurationList = E5B644F925F63F71001CF932 /* Build configuration list for PBXNativeTarget "OCStudy" */;
			buildPhases = (
				3633FABCA042EEC91DD1A77C /* [CP] Check Pods Manifest.lock */,
				E5B644C625F63F6F001CF932 /* Sources */,
				E5B644C725F63F6F001CF932 /* Frameworks */,
				E5B644C825F63F6F001CF932 /* Resources */,
				4426EA13F97B7D79BB689A18 /* [CP] Embed Pods Frameworks */,
			);
			buildRules = (
			);
			dependencies = (
			);
			name = OCStudy;
			productName = OCStudy;
			productReference = E5B644CA25F63F6F001CF932 /* OCStudy.app */;
			productType = "com.apple.product-type.application";
		};
		E5B644E425F63F71001CF932 /* OCStudyTests */ = {
			isa = PBXNativeTarget;
			buildConfigurationList = E5B644FC25F63F71001CF932 /* Build configuration list for PBXNativeTarget "OCStudyTests" */;
			buildPhases = (
				A6E1F8ADC625CE188CA913E2 /* [CP] Check Pods Manifest.lock */,
				E5B644E125F63F71001CF932 /* Sources */,
				E5B644E225F63F71001CF932 /* Frameworks */,
				E5B644E325F63F71001CF932 /* Resources */,
			);
			buildRules = (
			);
			dependencies = (
				E5B644E725F63F71001CF932 /* PBXTargetDependency */,
			);
			name = OCStudyTests;
			productName = OCStudyTests;
			productReference = E5B644E525F63F71001CF932 /* OCStudyTests.xctest */;
			productType = "com.apple.product-type.bundle.unit-test";
		};
		E5B644EF25F63F71001CF932 /* OCStudyUITests */ = {
			isa = PBXNativeTarget;
			buildConfigurationList = E5B644FF25F63F71001CF932 /* Build configuration list for PBXNativeTarget "OCStudyUITests" */;
			buildPhases = (
				F2086E55DF1EB2E964A86703 /* [CP] Check Pods Manifest.lock */,
				E5B644EC25F63F71001CF932 /* Sources */,
				E5B644ED25F63F71001CF932 /* Frameworks */,
				E5B644EE25F63F71001CF932 /* Resources */,
				01F88184223CED6FD2B883A6 /* [CP] Embed Pods Frameworks */,
			);
			buildRules = (
			);
			dependencies = (
				E5B644F225F63F71001CF932 /* PBXTargetDependency */,
			);
			name = OCStudyUITests;
			productName = OCStudyUITests;
			productReference = E5B644F025F63F71001CF932 /* OCStudyUITests.xctest */;
			productType = "com.apple.product-type.bundle.ui-testing";
		};
/* End PBXNativeTarget section */

/* Begin PBXProject section */
		E5B644C225F63F6F001CF932 /* Project object */ = {
			isa = PBXProject;
			attributes = {
				LastUpgradeCheck = 1230;
				TargetAttributes = {
					E5B644C925F63F6F001CF932 = {
						CreatedOnToolsVersion = 12.3;
					};
					E5B644E425F63F71001CF932 = {
						CreatedOnToolsVersion = 12.3;
						TestTargetID = E5B644C925F63F6F001CF932;
					};
					E5B644EF25F63F71001CF932 = {
						CreatedOnToolsVersion = 12.3;
						TestTargetID = E5B644C925F63F6F001CF932;
					};
				};
			};
			buildConfigurationList = E5B644C525F63F6F001CF932 /* Build configuration list for PBXProject "OCStudy" */;
			compatibilityVersion = "Xcode 9.3";
			developmentRegion = en;
			hasScannedForEncodings = 0;
			knownRegions = (
				en,
				Base,
			);
			mainGroup = E5B644C125F63F6F001CF932;
			productRefGroup = E5B644CB25F63F6F001CF932 /* Products */;
			projectDirPath = "";
			projectRoot = "";
			targets = (
				E5B644C925F63F6F001CF932 /* OCStudy */,
				E5B644E425F63F71001CF932 /* OCStudyTests */,
				E5B644EF25F63F71001CF932 /* OCStudyUITests */,
			);
		};
/* End PBXProject section */

/* Begin PBXResourcesBuildPhase section */
		E5B644C825F63F6F001CF932 /* Resources */ = {
			isa = PBXResourcesBuildPhase;
			buildActionMask = 2147483647;
			files = (
				E5B644DD25F63F71001CF932 /* LaunchScreen.storyboard in Resources */,
				E5B644DA25F63F71001CF932 /* Assets.xcassets in Resources */,
				E5B644D825F63F6F001CF932 /* Main.storyboard in Resources */,
			);
			runOnlyForDeploymentPostprocessing = 0;
		};
		E5B644E325F63F71001CF932 /* Resources */ = {
			isa = PBXResourcesBuildPhase;
			buildActionMask = 2147483647;
			files = (
			);
			runOnlyForDeploymentPostprocessing = 0;
		};
		E5B644EE25F63F71001CF932 /* Resources */ = {
			isa = PBXResourcesBuildPhase;
			buildActionMask = 2147483647;
			files = (
			);
			runOnlyForDeploymentPostprocessing = 0;
		};
/* End PBXResourcesBuildPhase section */

/* Begin PBXShellScriptBuildPhase section */
		01F88184223CED6FD2B883A6 /* [CP] Embed Pods Frameworks */ = {
			isa = PBXShellScriptBuildPhase;
			buildActionMask = 2147483647;
			files = (
			);
			inputFileListPaths = (
				"${PODS_ROOT}/Target Support Files/Pods-OCStudy-OCStudyUITests/Pods-OCStudy-OCStudyUITests-frameworks-${CONFIGURATION}-input-files.xcfilelist",
			);
			name = "[CP] Embed Pods Frameworks";
			outputFileListPaths = (
				"${PODS_ROOT}/Target Support Files/Pods-OCStudy-OCStudyUITests/Pods-OCStudy-OCStudyUITests-frameworks-${CONFIGURATION}-output-files.xcfilelist",
			);
			runOnlyForDeploymentPostprocessing = 0;
			shellPath = /bin/sh;
			shellScript = "\"${PODS_ROOT}/Target Support Files/Pods-OCStudy-OCStudyUITests/Pods-OCStudy-OCStudyUITests-frameworks.sh\"\n";
			showEnvVarsInLog = 0;
		};
		3633FABCA042EEC91DD1A77C /* [CP] Check Pods Manifest.lock */ = {
			isa = PBXShellScriptBuildPhase;
			buildActionMask = 2147483647;
			files = (
			);
			inputFileListPaths = (
			);
			inputPaths = (
				"${PODS_PODFILE_DIR_PATH}/Podfile.lock",
				"${PODS_ROOT}/Manifest.lock",
			);
			name = "[CP] Check Pods Manifest.lock";
			outputFileListPaths = (
			);
			outputPaths = (
				"$(DERIVED_FILE_DIR)/Pods-OCStudy-checkManifestLockResult.txt",
			);
			runOnlyForDeploymentPostprocessing = 0;
			shellPath = /bin/sh;
			shellScript = "diff \"${PODS_PODFILE_DIR_PATH}/Podfile.lock\" \"${PODS_ROOT}/Manifest.lock\" > /dev/null\nif [ $? != 0 ] ; then\n    # print error to STDERR\n    echo \"error: The sandbox is not in sync with the Podfile.lock. Run 'pod install' or update your CocoaPods installation.\" >&2\n    exit 1\nfi\n# This output is used by Xcode 'outputs' to avoid re-running this script phase.\necho \"SUCCESS\" > \"${SCRIPT_OUTPUT_FILE_0}\"\n";
			showEnvVarsInLog = 0;
		};
		4426EA13F97B7D79BB689A18 /* [CP] Embed Pods Frameworks */ = {
			isa = PBXShellScriptBuildPhase;
			buildActionMask = 2147483647;
			files = (
			);
			inputFileListPaths = (
				"${PODS_ROOT}/Target Support Files/Pods-OCStudy/Pods-OCStudy-frameworks-${CONFIGURATION}-input-files.xcfilelist",
			);
			name = "[CP] Embed Pods Frameworks";
			outputFileListPaths = (
				"${PODS_ROOT}/Target Support Files/Pods-OCStudy/Pods-OCStudy-frameworks-${CONFIGURATION}-output-files.xcfilelist",
			);
			runOnlyForDeploymentPostprocessing = 0;
			shellPath = /bin/sh;
			shellScript = "\"${PODS_ROOT}/Target Support Files/Pods-OCStudy/Pods-OCStudy-frameworks.sh\"\n";
			showEnvVarsInLog = 0;
		};
		A6E1F8ADC625CE188CA913E2 /* [CP] Check Pods Manifest.lock */ = {
			isa = PBXShellScriptBuildPhase;
			buildActionMask = 2147483647;
			files = (
			);
			inputFileListPaths = (
			);
			inputPaths = (
				"${PODS_PODFILE_DIR_PATH}/Podfile.lock",
				"${PODS_ROOT}/Manifest.lock",
			);
			name = "[CP] Check Pods Manifest.lock";
			outputFileListPaths = (
			);
			outputPaths = (
				"$(DERIVED_FILE_DIR)/Pods-OCStudyTests-checkManifestLockResult.txt",
			);
			runOnlyForDeploymentPostprocessing = 0;
			shellPath = /bin/sh;
			shellScript = "diff \"${PODS_PODFILE_DIR_PATH}/Podfile.lock\" \"${PODS_ROOT}/Manifest.lock\" > /dev/null\nif [ $? != 0 ] ; then\n    # print error to STDERR\n    echo \"error: The sandbox is not in sync with the Podfile.lock. Run 'pod install' or update your CocoaPods installation.\" >&2\n    exit 1\nfi\n# This output is used by Xcode 'outputs' to avoid re-running this script phase.\necho \"SUCCESS\" > \"${SCRIPT_OUTPUT_FILE_0}\"\n";
			showEnvVarsInLog = 0;
		};
		F2086E55DF1EB2E964A86703 /* [CP] Check Pods Manifest.lock */ = {
			isa = PBXShellScriptBuildPhase;
			buildActionMask = 2147483647;
			files = (
			);
			inputFileListPaths = (
			);
			inputPaths = (
				"${PODS_PODFILE_DIR_PATH}/Podfile.lock",
				"${PODS_ROOT}/Manifest.lock",
			);
			name = "[CP] Check Pods Manifest.lock";
			outputFileListPaths = (
			);
			outputPaths = (
				"$(DERIVED_FILE_DIR)/Pods-OCStudy-OCStudyUITests-checkManifestLockResult.txt",
			);
			runOnlyForDeploymentPostprocessing = 0;
			shellPath = /bin/sh;
			shellScript = "diff \"${PODS_PODFILE_DIR_PATH}/Podfile.lock\" \"${PODS_ROOT}/Manifest.lock\" > /dev/null\nif [ $? != 0 ] ; then\n    # print error to STDERR\n    echo \"error: The sandbox is not in sync with the Podfile.lock. Run 'pod install' or update your CocoaPods installation.\" >&2\n    exit 1\nfi\n# This output is used by Xcode 'outputs' to avoid re-running this script phase.\necho \"SUCCESS\" > \"${SCRIPT_OUTPUT_FILE_0}\"\n";
			showEnvVarsInLog = 0;
		};
/* End PBXShellScriptBuildPhase section */

/* Begin PBXSourcesBuildPhase section */
		E5B644C625F63F6F001CF932 /* Sources */ = {
			isa = PBXSourcesBuildPhase;
			buildActionMask = 2147483647;
			files = (
				E5B3941B260DEB450055EE78 /* CBOperation.m in Sources */,
				E5B6450825F63FD2001CF932 /* MDPointer.m in Sources */,
				E5864EA32616C75B00264FCF /* AsyncDisplayViewController.m in Sources */,
				E596C1E32611780E00EC2BEE /* PPOperation.m in Sources */,
				E5E27EA425FF8B0600DB8DE2 /* NSObject+Throttle.m in Sources */,
				E596C1FF2611F17E00EC2BEE /* CBDisplayLinkAndTimerViewController.m in Sources */,
				E5E27E9D25FF7D0500DB8DE2 /* OnceManagerC.m in Sources */,
				E5A6F3F22600DF60002AC283 /* MessageThrottleViewController.m in Sources */,
				E55C508B261C90A000ECCA7D /* ArchivedViewController.m in Sources */,
				E5B6451125F63FE8001CF932 /* MDPointerViewController.m in Sources */,
				E54FF4C026186A6C0060CA86 /* SkyLab.m in Sources */,
				E54FF4C626186A7D0060CA86 /* ABViewController.m in Sources */,
				E5B644D525F63F6F001CF932 /* ViewController.m in Sources */,
				E5A6F3DF2600629D002AC283 /* DebounceViewController.m in Sources */,
				E5E27E9725FF79D300DB8DE2 /* OnceManagerB.m in Sources */,
				E5B644CF25F63F6F001CF932 /* AppDelegate.m in Sources */,
				E5B644E025F63F71001CF932 /* main.m in Sources */,
				E59B547026099BC2003F31F0 /* CBWebImageDownloaderOperation.m in Sources */,
				E5B644D225F63F6F001CF932 /* SceneDelegate.m in Sources */,
				E5864E9D2616C6D600264FCF /* AsyncLabel.m in Sources */,
				E5E27E9125FF79C800DB8DE2 /* OnceManagerA.m in Sources */,
				E5864EB12616F17C00264FCF /* YYLabelT.m in Sources */,
				E5D15C6F2629D8AD00013385 /* Vertex.m in Sources */,
				E5A6F3E92600DCBE002AC283 /* MessageThrottle.m in Sources */,
				E5B39421260DEB900055EE78 /* CBOperationTestViewController.m in Sources */,
			);
			runOnlyForDeploymentPostprocessing = 0;
		};
		E5B644E125F63F71001CF932 /* Sources */ = {
			isa = PBXSourcesBuildPhase;
			buildActionMask = 2147483647;
			files = (
				E5B644EA25F63F71001CF932 /* OCStudyTests.m in Sources */,
			);
			runOnlyForDeploymentPostprocessing = 0;
		};
		E5B644EC25F63F71001CF932 /* Sources */ = {
			isa = PBXSourcesBuildPhase;
			buildActionMask = 2147483647;
			files = (
				E5B644F525F63F71001CF932 /* OCStudyUITests.m in Sources */,
			);
			runOnlyForDeploymentPostprocessing = 0;
		};
/* End PBXSourcesBuildPhase section */

/* Begin PBXTargetDependency section */
		E5B644E725F63F71001CF932 /* PBXTargetDependency */ = {
			isa = PBXTargetDependency;
			target = E5B644C925F63F6F001CF932 /* OCStudy */;
			targetProxy = E5B644E625F63F71001CF932 /* PBXContainerItemProxy */;
		};
		E5B644F225F63F71001CF932 /* PBXTargetDependency */ = {
			isa = PBXTargetDependency;
			target = E5B644C925F63F6F001CF932 /* OCStudy */;
			targetProxy = E5B644F125F63F71001CF932 /* PBXContainerItemProxy */;
		};
/* End PBXTargetDependency section */

/* Begin PBXVariantGroup section */
		E5B644D625F63F6F001CF932 /* Main.storyboard */ = {
			isa = PBXVariantGroup;
			children = (
				E5B644D725F63F6F001CF932 /* Base */,
			);
			name = Main.storyboard;
			sourceTree = "<group>";
		};
		E5B644DB25F63F71001CF932 /* LaunchScreen.storyboard */ = {
			isa = PBXVariantGroup;
			children = (
				E5B644DC25F63F71001CF932 /* Base */,
			);
			name = LaunchScreen.storyboard;
			sourceTree = "<group>";
		};
/* End PBXVariantGroup section */

/* Begin XCBuildConfiguration section */
		E5B644F725F63F71001CF932 /* Debug */ = {
			isa = XCBuildConfiguration;
			buildSettings = {
				ALWAYS_SEARCH_USER_PATHS = NO;
				CLANG_ANALYZER_NONNULL = YES;
				CLANG_ANALYZER_NUMBER_OBJECT_CONVERSION = YES_AGGRESSIVE;
				CLANG_CXX_LANGUAGE_STANDARD = "gnu++14";
				CLANG_CXX_LIBRARY = "libc++";
				CLANG_ENABLE_MODULES = YES;
				CLANG_ENABLE_OBJC_ARC = YES;
				CLANG_ENABLE_OBJC_WEAK = YES;
				CLANG_WARN_BLOCK_CAPTURE_AUTORELEASING = YES;
				CLANG_WARN_BOOL_CONVERSION = YES;
				CLANG_WARN_COMMA = YES;
				CLANG_WARN_CONSTANT_CONVERSION = YES;
				CLANG_WARN_DEPRECATED_OBJC_IMPLEMENTATIONS = YES;
				CLANG_WARN_DIRECT_OBJC_ISA_USAGE = YES_ERROR;
				CLANG_WARN_DOCUMENTATION_COMMENTS = YES;
				CLANG_WARN_EMPTY_BODY = YES;
				CLANG_WARN_ENUM_CONVERSION = YES;
				CLANG_WARN_INFINITE_RECURSION = YES;
				CLANG_WARN_INT_CONVERSION = YES;
				CLANG_WARN_NON_LITERAL_NULL_CONVERSION = YES;
				CLANG_WARN_OBJC_IMPLICIT_RETAIN_SELF = YES;
				CLANG_WARN_OBJC_LITERAL_CONVERSION = YES;
				CLANG_WARN_OBJC_ROOT_CLASS = YES_ERROR;
				CLANG_WARN_QUOTED_INCLUDE_IN_FRAMEWORK_HEADER = YES;
				CLANG_WARN_RANGE_LOOP_ANALYSIS = YES;
				CLANG_WARN_STRICT_PROTOTYPES = YES;
				CLANG_WARN_SUSPICIOUS_MOVE = YES;
				CLANG_WARN_UNGUARDED_AVAILABILITY = YES_AGGRESSIVE;
				CLANG_WARN_UNREACHABLE_CODE = YES;
				CLANG_WARN__DUPLICATE_METHOD_MATCH = YES;
				COPY_PHASE_STRIP = NO;
				DEBUG_INFORMATION_FORMAT = dwarf;
				ENABLE_STRICT_OBJC_MSGSEND = YES;
				ENABLE_TESTABILITY = YES;
				GCC_C_LANGUAGE_STANDARD = gnu11;
				GCC_DYNAMIC_NO_PIC = NO;
				GCC_NO_COMMON_BLOCKS = YES;
				GCC_OPTIMIZATION_LEVEL = 0;
				GCC_PREPROCESSOR_DEFINITIONS = (
					"DEBUG=1",
					"$(inherited)",
				);
				GCC_WARN_64_TO_32_BIT_CONVERSION = YES;
				GCC_WARN_ABOUT_RETURN_TYPE = YES_ERROR;
				GCC_WARN_UNDECLARED_SELECTOR = YES;
				GCC_WARN_UNINITIALIZED_AUTOS = YES_AGGRESSIVE;
				GCC_WARN_UNUSED_FUNCTION = YES;
				GCC_WARN_UNUSED_VARIABLE = YES;
				IPHONEOS_DEPLOYMENT_TARGET = 14.3;
				MTL_ENABLE_DEBUG_INFO = INCLUDE_SOURCE;
				MTL_FAST_MATH = YES;
				ONLY_ACTIVE_ARCH = YES;
				SDKROOT = iphoneos;
			};
			name = Debug;
		};
		E5B644F825F63F71001CF932 /* Release */ = {
			isa = XCBuildConfiguration;
			buildSettings = {
				ALWAYS_SEARCH_USER_PATHS = NO;
				CLANG_ANALYZER_NONNULL = YES;
				CLANG_ANALYZER_NUMBER_OBJECT_CONVERSION = YES_AGGRESSIVE;
				CLANG_CXX_LANGUAGE_STANDARD = "gnu++14";
				CLANG_CXX_LIBRARY = "libc++";
				CLANG_ENABLE_MODULES = YES;
				CLANG_ENABLE_OBJC_ARC = YES;
				CLANG_ENABLE_OBJC_WEAK = YES;
				CLANG_WARN_BLOCK_CAPTURE_AUTORELEASING = YES;
				CLANG_WARN_BOOL_CONVERSION = YES;
				CLANG_WARN_COMMA = YES;
				CLANG_WARN_CONSTANT_CONVERSION = YES;
				CLANG_WARN_DEPRECATED_OBJC_IMPLEMENTATIONS = YES;
				CLANG_WARN_DIRECT_OBJC_ISA_USAGE = YES_ERROR;
				CLANG_WARN_DOCUMENTATION_COMMENTS = YES;
				CLANG_WARN_EMPTY_BODY = YES;
				CLANG_WARN_ENUM_CONVERSION = YES;
				CLANG_WARN_INFINITE_RECURSION = YES;
				CLANG_WARN_INT_CONVERSION = YES;
				CLANG_WARN_NON_LITERAL_NULL_CONVERSION = YES;
				CLANG_WARN_OBJC_IMPLICIT_RETAIN_SELF = YES;
				CLANG_WARN_OBJC_LITERAL_CONVERSION = YES;
				CLANG_WARN_OBJC_ROOT_CLASS = YES_ERROR;
				CLANG_WARN_QUOTED_INCLUDE_IN_FRAMEWORK_HEADER = YES;
				CLANG_WARN_RANGE_LOOP_ANALYSIS = YES;
				CLANG_WARN_STRICT_PROTOTYPES = YES;
				CLANG_WARN_SUSPICIOUS_MOVE = YES;
				CLANG_WARN_UNGUARDED_AVAILABILITY = YES_AGGRESSIVE;
				CLANG_WARN_UNREACHABLE_CODE = YES;
				CLANG_WARN__DUPLICATE_METHOD_MATCH = YES;
				COPY_PHASE_STRIP = NO;
				DEBUG_INFORMATION_FORMAT = "dwarf-with-dsym";
				ENABLE_NS_ASSERTIONS = NO;
				ENABLE_STRICT_OBJC_MSGSEND = YES;
				GCC_C_LANGUAGE_STANDARD = gnu11;
				GCC_NO_COMMON_BLOCKS = YES;
				GCC_WARN_64_TO_32_BIT_CONVERSION = YES;
				GCC_WARN_ABOUT_RETURN_TYPE = YES_ERROR;
				GCC_WARN_UNDECLARED_SELECTOR = YES;
				GCC_WARN_UNINITIALIZED_AUTOS = YES_AGGRESSIVE;
				GCC_WARN_UNUSED_FUNCTION = YES;
				GCC_WARN_UNUSED_VARIABLE = YES;
				IPHONEOS_DEPLOYMENT_TARGET = 14.3;
				MTL_ENABLE_DEBUG_INFO = NO;
				MTL_FAST_MATH = YES;
				SDKROOT = iphoneos;
				VALIDATE_PRODUCT = YES;
			};
			name = Release;
		};
		E5B644FA25F63F71001CF932 /* Debug */ = {
			isa = XCBuildConfiguration;
			baseConfigurationReference = 98F12E145975E32EBEA54D08 /* Pods-OCStudy.debug.xcconfig */;
			buildSettings = {
				ASSETCATALOG_COMPILER_APPICON_NAME = AppIcon;
				ASSETCATALOG_COMPILER_GLOBAL_ACCENT_COLOR_NAME = AccentColor;
				CODE_SIGN_STYLE = Automatic;
				INFOPLIST_FILE = OCStudy/Info.plist;
				LD_RUNPATH_SEARCH_PATHS = (
					"$(inherited)",
					"@executable_path/Frameworks",
				);
				PRODUCT_BUNDLE_IDENTIFIER = com.hicodeboy.OCStudy;
				PRODUCT_NAME = "$(TARGET_NAME)";
				TARGETED_DEVICE_FAMILY = "1,2";
			};
			name = Debug;
		};
		E5B644FB25F63F71001CF932 /* Release */ = {
			isa = XCBuildConfiguration;
			baseConfigurationReference = B68E5B47DE6D3FE18F9A0741 /* Pods-OCStudy.release.xcconfig */;
			buildSettings = {
				ASSETCATALOG_COMPILER_APPICON_NAME = AppIcon;
				ASSETCATALOG_COMPILER_GLOBAL_ACCENT_COLOR_NAME = AccentColor;
				CODE_SIGN_STYLE = Automatic;
				INFOPLIST_FILE = OCStudy/Info.plist;
				LD_RUNPATH_SEARCH_PATHS = (
					"$(inherited)",
					"@executable_path/Frameworks",
				);
				PRODUCT_BUNDLE_IDENTIFIER = com.hicodeboy.OCStudy;
				PRODUCT_NAME = "$(TARGET_NAME)";
				TARGETED_DEVICE_FAMILY = "1,2";
			};
			name = Release;
		};
		E5B644FD25F63F71001CF932 /* Debug */ = {
			isa = XCBuildConfiguration;
			baseConfigurationReference = AB1D2167206E5D4BDCEAA3F1 /* Pods-OCStudyTests.debug.xcconfig */;
			buildSettings = {
				BUNDLE_LOADER = "$(TEST_HOST)";
				CODE_SIGN_STYLE = Automatic;
				INFOPLIST_FILE = OCStudyTests/Info.plist;
				IPHONEOS_DEPLOYMENT_TARGET = 14.3;
				LD_RUNPATH_SEARCH_PATHS = (
					"$(inherited)",
					"@executable_path/Frameworks",
					"@loader_path/Frameworks",
				);
				PRODUCT_BUNDLE_IDENTIFIER = com.hicodeboy.OCStudyTests;
				PRODUCT_NAME = "$(TARGET_NAME)";
				TARGETED_DEVICE_FAMILY = "1,2";
				TEST_HOST = "$(BUILT_PRODUCTS_DIR)/OCStudy.app/OCStudy";
			};
			name = Debug;
		};
		E5B644FE25F63F71001CF932 /* Release */ = {
			isa = XCBuildConfiguration;
			baseConfigurationReference = 3E9D3F781031EE891C55F406 /* Pods-OCStudyTests.release.xcconfig */;
			buildSettings = {
				BUNDLE_LOADER = "$(TEST_HOST)";
				CODE_SIGN_STYLE = Automatic;
				INFOPLIST_FILE = OCStudyTests/Info.plist;
				IPHONEOS_DEPLOYMENT_TARGET = 14.3;
				LD_RUNPATH_SEARCH_PATHS = (
					"$(inherited)",
					"@executable_path/Frameworks",
					"@loader_path/Frameworks",
				);
				PRODUCT_BUNDLE_IDENTIFIER = com.hicodeboy.OCStudyTests;
				PRODUCT_NAME = "$(TARGET_NAME)";
				TARGETED_DEVICE_FAMILY = "1,2";
				TEST_HOST = "$(BUILT_PRODUCTS_DIR)/OCStudy.app/OCStudy";
			};
			name = Release;
		};
		E5B6450025F63F71001CF932 /* Debug */ = {
			isa = XCBuildConfiguration;
			baseConfigurationReference = 4477BB1C594D67A911013A85 /* Pods-OCStudy-OCStudyUITests.debug.xcconfig */;
			buildSettings = {
				CODE_SIGN_STYLE = Automatic;
				INFOPLIST_FILE = OCStudyUITests/Info.plist;
				LD_RUNPATH_SEARCH_PATHS = (
					"$(inherited)",
					"@executable_path/Frameworks",
					"@loader_path/Frameworks",
				);
				PRODUCT_BUNDLE_IDENTIFIER = com.hicodeboy.OCStudyUITests;
				PRODUCT_NAME = "$(TARGET_NAME)";
				TARGETED_DEVICE_FAMILY = "1,2";
				TEST_TARGET_NAME = OCStudy;
			};
			name = Debug;
		};
		E5B6450125F63F71001CF932 /* Release */ = {
			isa = XCBuildConfiguration;
			baseConfigurationReference = 2C9BFA6C3869F16F1F37A990 /* Pods-OCStudy-OCStudyUITests.release.xcconfig */;
			buildSettings = {
				CODE_SIGN_STYLE = Automatic;
				INFOPLIST_FILE = OCStudyUITests/Info.plist;
				LD_RUNPATH_SEARCH_PATHS = (
					"$(inherited)",
					"@executable_path/Frameworks",
					"@loader_path/Frameworks",
				);
				PRODUCT_BUNDLE_IDENTIFIER = com.hicodeboy.OCStudyUITests;
				PRODUCT_NAME = "$(TARGET_NAME)";
				TARGETED_DEVICE_FAMILY = "1,2";
				TEST_TARGET_NAME = OCStudy;
			};
			name = Release;
		};
/* End XCBuildConfiguration section */

/* Begin XCConfigurationList section */
		E5B644C525F63F6F001CF932 /* Build configuration list for PBXProject "OCStudy" */ = {
			isa = XCConfigurationList;
			buildConfigurations = (
				E5B644F725F63F71001CF932 /* Debug */,
				E5B644F825F63F71001CF932 /* Release */,
			);
			defaultConfigurationIsVisible = 0;
			defaultConfigurationName = Release;
		};
		E5B644F925F63F71001CF932 /* Build configuration list for PBXNativeTarget "OCStudy" */ = {
			isa = XCConfigurationList;
			buildConfigurations = (
				E5B644FA25F63F71001CF932 /* Debug */,
				E5B644FB25F63F71001CF932 /* Release */,
			);
			defaultConfigurationIsVisible = 0;
			defaultConfigurationName = Release;
		};
		E5B644FC25F63F71001CF932 /* Build configuration list for PBXNativeTarget "OCStudyTests" */ = {
			isa = XCConfigurationList;
			buildConfigurations = (
				E5B644FD25F63F71001CF932 /* Debug */,
				E5B644FE25F63F71001CF932 /* Release */,
			);
			defaultConfigurationIsVisible = 0;
			defaultConfigurationName = Release;
		};
		E5B644FF25F63F71001CF932 /* Build configuration list for PBXNativeTarget "OCStudyUITests" */ = {
			isa = XCConfigurationList;
			buildConfigurations = (
				E5B6450025F63F71001CF932 /* Debug */,
				E5B6450125F63F71001CF932 /* Release */,
			);
			defaultConfigurationIsVisible = 0;
			defaultConfigurationName = Release;
		};
/* End XCConfigurationList section */
	};
	rootObject = E5B644C225F63F6F001CF932 /* Project object */;
}
